
Microsoft Visual Studio Solution File, Format Version 12.00
# Visual Studio Version 16
VisualStudioVersion = 16.0.30114.105
MinimumVisualStudioVersion = 10.0.40219.1
Project("{2150E333-8FDC-42A3-9474-1A3956D46DE8}") = "src", "src", "{E6E971BD-EE37-4AEE-A616-7654395B9DF0}"
EndProject
Project("{FAE04EC0-301F-11D3-BF4B-00C04F79EFBC}") = "CartApi", "src\CartApi\CartApi.csproj", "{69F95371-C6A8-478B-A6AC-F4C8A83628AE}"
EndProject
Project("{2150E333-8FDC-42A3-9474-1A3956D46DE8}") = "test", "test", "{D44AAB4B-A74B-4767-B1F3-CABF61C79000}"
EndProject
Project("{FAE04EC0-301F-11D3-BF4B-00C04F79EFBC}") = "CartApi.Tests", "test\CartApi.Tests\CartApi.Tests.csproj", "{70B73922-058F-4FC6-85DA-58972323C8D0}"
EndProject
Global
	GlobalSection(SolutionConfigurationPlatforms) = preSolution
		Debug|Any CPU = Debug|Any CPU
		Debug|x64 = Debug|x64
		Debug|x86 = Debug|x86
		Release|Any CPU = Release|Any CPU
		Release|x64 = Release|x64
		Release|x86 = Release|x86
	EndGlobalSection
	GlobalSection(SolutionProperties) = preSolution
		HideSolutionNode = FALSE
	EndGlobalSection
	GlobalSection(ProjectConfigurationPlatforms) = postSolution
		{69F95371-C6A8-478B-A6AC-F4C8A83628AE}.Debug|Any CPU.ActiveCfg = Debug|Any CPU
		{69F95371-C6A8-478B-A6AC-F4C8A83628AE}.Debug|Any CPU.Build.0 = Debug|Any CPU
		{69F95371-C6A8-478B-A6AC-F4C8A83628AE}.Debug|x64.ActiveCfg = Debug|Any CPU
		{69F95371-C6A8-478B-A6AC-F4C8A83628AE}.Debug|x64.Build.0 = Debug|Any CPU
		{69F95371-C6A8-478B-A6AC-F4C8A83628AE}.Debug|x86.ActiveCfg = Debug|Any CPU
		{69F95371-C6A8-478B-A6AC-F4C8A83628AE}.Debug|x86.Build.0 = Debug|Any CPU
		{69F95371-C6A8-478B-A6AC-F4C8A83628AE}.Release|Any CPU.ActiveCfg = Release|Any CPU
		{69F95371-C6A8-478B-A6AC-F4C8A83628AE}.Release|Any CPU.Build.0 = Release|Any CPU
		{69F95371-C6A8-478B-A6AC-F4C8A83628AE}.Release|x64.ActiveCfg = Release|Any CPU
		{69F95371-C6A8-478B-A6AC-F4C8A83628AE}.Release|x64.Build.0 = Release|Any CPU
		{69F95371-C6A8-478B-A6AC-F4C8A83628AE}.Release|x86.ActiveCfg = Release|Any CPU
		{69F95371-C6A8-478B-A6AC-F4C8A83628AE}.Release|x86.Build.0 = Release|Any CPU
		{70B73922-058F-4FC6-85DA-58972323C8D0}.Debug|Any CPU.ActiveCfg = Debug|Any CPU
		{70B73922-058F-4FC6-85DA-58972323C8D0}.Debug|Any CPU.Build.0 = Debug|Any CPU
		{70B73922-058F-4FC6-85DA-58972323C8D0}.Debug|x64.ActiveCfg = Debug|Any CPU
		{70B73922-058F-4FC6-85DA-58972323C8D0}.Debug|x64.Build.0 = Debug|Any CPU
		{70B73922-058F-4FC6-85DA-58972323C8D0}.Debug|x86.ActiveCfg = Debug|Any CPU
		{70B73922-058F-4FC6-85DA-58972323C8D0}.Debug|x86.Build.0 = Debug|Any CPU
		{70B73922-058F-4FC6-85DA-58972323C8D0}.Release|Any CPU.ActiveCfg = Release|Any CPU
		{70B73922-058F-4FC6-85DA-58972323C8D0}.Release|Any CPU.Build.0 = Release|Any CPU
		{70B73922-058F-4FC6-85DA-58972323C8D0}.Release|x64.ActiveCfg = Release|Any CPU
		{70B73922-058F-4FC6-85DA-58972323C8D0}.Release|x64.Build.0 = Release|Any CPU
		{70B73922-058F-4FC6-85DA-58972323C8D0}.Release|x86.ActiveCfg = Release|Any CPU
		{70B73922-058F-4FC6-85DA-58972323C8D0}.Release|x86.Build.0 = Release|Any CPU
	EndGlobalSection
	GlobalSection(NestedProjects) = preSolution
		{69F95371-C6A8-478B-A6AC-F4C8A83628AE} = {E6E971BD-EE37-4AEE-A616-7654395B9DF0}
		{70B73922-058F-4FC6-85DA-58972323C8D0} = {D44AAB4B-A74B-4767-B1F3-CABF61C79000}
	EndGlobalSection
EndGlobal
